// !$*UTF8*$!
{
	archiveVersion = 1;
	classes = {
	};
	objectVersion = 46;
	objects = {
/* Begin PBXBuildFile section */
		125F2F283526404BA320CFA6 /* CDVAssetLibraryFilesystem.m in Sources */ = {isa = PBXBuildFile; fileRef = 6D3E67CFCCB24A1F961AA47F /* CDVAssetLibraryFilesystem.m */; };
		17EEBF5D1C3F4F178E0DB65A /* OpenTok.framework in Frameworks */ = {isa = PBXBuildFile; fileRef = 7F1DCB379D504A15B4F15AC3 /* OpenTok.framework */; };
		1984E9D489784AE4BB9743FA /* libpthread.dylib in Frameworks */ = {isa = PBXBuildFile; fileRef = 11B2C5D7CF78401D98343279 /* libpthread.dylib */; };
		1D3623260D0F684500981E51 /* AppDelegate.m in Sources */ = {isa = PBXBuildFile; fileRef = 1D3623250D0F684500981E51 /* AppDelegate.m */; };
		1D60589B0D05DD56006BFB54 /* main.m in Sources */ = {isa = PBXBuildFile; fileRef = 29B97316FDCFA39411CA2CEA /* main.m */; };
		1DCF38FF880241339E4858AB /* Toast+UIView.m in Sources */ = {isa = PBXBuildFile; fileRef = 55E68FDE3A074E65A6F9162E /* Toast+UIView.m */; };
		268F7CEC4B0E48418718AEE8 /* MediaPlayer.framework in Frameworks */ = {isa = PBXBuildFile; fileRef = 48732688277A4CDA80AE6C67 /* MediaPlayer.framework */; };
		288765FD0DF74451002DB57D /* CoreGraphics.framework in Frameworks */ = {isa = PBXBuildFile; fileRef = 288765FC0DF74451002DB57D /* CoreGraphics.framework */; };
		2964AA9A73EF4D188FBCC247 /* GLKit.framework in Frameworks */ = {isa = PBXBuildFile; fileRef = 528557530A9A4E6FB9F43E92 /* GLKit.framework */; };
		301BF552109A68D80062928A /* libCordova.a in Frameworks */ = {isa = PBXBuildFile; fileRef = 301BF535109A57CC0062928A /* libCordova.a */; };
		302D95F114D2391D003F00A1 /* MainViewController.m in Sources */ = {isa = PBXBuildFile; fileRef = 302D95EF14D2391D003F00A1 /* MainViewController.m */; };
		302D95F214D2391D003F00A1 /* MainViewController.xib in Resources */ = {isa = PBXBuildFile; fileRef = 302D95F014D2391D003F00A1 /* MainViewController.xib */; };
		305D5FD1115AB8F900A74A75 /* MobileCoreServices.framework in Frameworks */ = {isa = PBXBuildFile; fileRef = 305D5FD0115AB8F900A74A75 /* MobileCoreServices.framework */; };
		3088BBBD154F3926009F9C59 /* Default-Landscape@2x~ipad.png in Resources */ = {isa = PBXBuildFile; fileRef = 3088BBB7154F3926009F9C59 /* Default-Landscape@2x~ipad.png */; };
		3088BBBE154F3926009F9C59 /* Default-Landscape~ipad.png in Resources */ = {isa = PBXBuildFile; fileRef = 3088BBB8154F3926009F9C59 /* Default-Landscape~ipad.png */; };
		3088BBBF154F3926009F9C59 /* Default-Portrait@2x~ipad.png in Resources */ = {isa = PBXBuildFile; fileRef = 3088BBB9154F3926009F9C59 /* Default-Portrait@2x~ipad.png */; };
		3088BBC0154F3926009F9C59 /* Default-Portrait~ipad.png in Resources */ = {isa = PBXBuildFile; fileRef = 3088BBBA154F3926009F9C59 /* Default-Portrait~ipad.png */; };
		3088BBC1154F3926009F9C59 /* Default@2x~iphone.png in Resources */ = {isa = PBXBuildFile; fileRef = 3088BBBB154F3926009F9C59 /* Default@2x~iphone.png */; };
		3088BBC2154F3926009F9C59 /* Default~iphone.png in Resources */ = {isa = PBXBuildFile; fileRef = 3088BBBC154F3926009F9C59 /* Default~iphone.png */; };
		308D05371370CCF300D202BF /* icon-72.png in Resources */ = {isa = PBXBuildFile; fileRef = 308D052E1370CCF300D202BF /* icon-72.png */; };
		308D05381370CCF300D202BF /* icon.png in Resources */ = {isa = PBXBuildFile; fileRef = 308D052F1370CCF300D202BF /* icon.png */; };
		308D05391370CCF300D202BF /* icon@2x.png in Resources */ = {isa = PBXBuildFile; fileRef = 308D05301370CCF300D202BF /* icon@2x.png */; };
		30B4F30019D5E07200D9F7D8 /* Default-667h.png in Resources */ = {isa = PBXBuildFile; fileRef = 30B4F2FD19D5E07200D9F7D8 /* Default-667h.png */; };
		30B4F30119D5E07200D9F7D8 /* Default-736h.png in Resources */ = {isa = PBXBuildFile; fileRef = 30B4F2FE19D5E07200D9F7D8 /* Default-736h.png */; };
		30B4F30219D5E07200D9F7D8 /* Default-Landscape-736h.png in Resources */ = {isa = PBXBuildFile; fileRef = 30B4F2FF19D5E07200D9F7D8 /* Default-Landscape-736h.png */; };
		30C1856619D5FC0A00212699 /* icon-60@3x.png in Resources */ = {isa = PBXBuildFile; fileRef = 30C1856519D5FC0A00212699 /* icon-60@3x.png */; };
		30FC414916E50CA1004E6F35 /* icon-72@2x.png in Resources */ = {isa = PBXBuildFile; fileRef = 30FC414816E50CA1004E6F35 /* icon-72@2x.png */; };
		34DE4BC57C034D569A10334B /* CFNetwork.framework in Frameworks */ = {isa = PBXBuildFile; fileRef = CEDA2FCDC9174ECAB0DBFE5B /* CFNetwork.framework */; };
		35A8A189DEFB43E7B1CFA2CE /* CDVViewController+SplashScreen.m in Sources */ = {isa = PBXBuildFile; fileRef = 2F3BEA2546BA4D9985BBBF1D /* CDVViewController+SplashScreen.m */; };
		3D83E348137340C59420E2FC /* VideoToolbox.framework in Frameworks */ = {isa = PBXBuildFile; fileRef = BEBC3ACE019D4C7FB67CF7F6 /* VideoToolbox.framework */; };
		4676D337A3664D37ABE991C8 /* Toast.m in Sources */ = {isa = PBXBuildFile; fileRef = 796AFD31E29F42A08A9735E0 /* Toast.m */; };
		5935A8A525F14AE795B9BEBD /* CoreData.framework in Frameworks */ = {isa = PBXBuildFile; fileRef = 3E476111BBEE49B88DADDF11 /* CoreData.framework */; };
		5B1594DD16A7569C00FEF299 /* AssetsLibrary.framework in Frameworks */ = {isa = PBXBuildFile; fileRef = 5B1594DC16A7569C00FEF299 /* AssetsLibrary.framework */; };
		60B4CB3D294644A186A99589 /* CDVLocation.m in Sources */ = {isa = PBXBuildFile; fileRef = 12F953F66782406F83D798ED /* CDVLocation.m */; };
		646E122EA71C4114975926D9 /* PKVideoThumbnail.m in Sources */ = {isa = PBXBuildFile; fileRef = 9C7AF7523D7649A1BBD52CBD /* PKVideoThumbnail.m */; };
		6A33C98954B54414AA5DA034 /* CDVLogger.m in Sources */ = {isa = PBXBuildFile; fileRef = 3B7542BBB33A47098DDB4E40 /* CDVLogger.m */; };
		6A9DFFB4C5F04999908A79FA /* CDVSplashScreen.m in Sources */ = {isa = PBXBuildFile; fileRef = 2F0E16A5EAA14DA6B16F00E2 /* CDVSplashScreen.m */; };
		6E057BDD2B2F44EBB4EB1EEB /* AudioToolbox.framework in Frameworks */ = {isa = PBXBuildFile; fileRef = EC96E038EDE841F48C80922C /* AudioToolbox.framework */; };
		7A9B89B155084303AA36E845 /* QuartzCore.framework in Frameworks */ = {isa = PBXBuildFile; fileRef = 998DBF1989594C4EB33ADAB0 /* QuartzCore.framework */; };
		7BED1F578E554C8BA5271D32 /* UIImage+CropScaleOrientation.m in Sources */ = {isa = PBXBuildFile; fileRef = 364062603ED749D2A4138A0F /* UIImage+CropScaleOrientation.m */; };
		7CD39C36081D4399A521034F /* SystemConfiguration.framework in Frameworks */ = {isa = PBXBuildFile; fileRef = 241F82F781B6478AB46FF1C1 /* SystemConfiguration.framework */; };
		7E7966DE1810823500FA85AD /* icon-40.png in Resources */ = {isa = PBXBuildFile; fileRef = 7E7966D41810823500FA85AD /* icon-40.png */; };
		7E7966DF1810823500FA85AD /* icon-40@2x.png in Resources */ = {isa = PBXBuildFile; fileRef = 7E7966D51810823500FA85AD /* icon-40@2x.png */; };
		7E7966E01810823500FA85AD /* icon-50.png in Resources */ = {isa = PBXBuildFile; fileRef = 7E7966D61810823500FA85AD /* icon-50.png */; };
		7E7966E11810823500FA85AD /* icon-50@2x.png in Resources */ = {isa = PBXBuildFile; fileRef = 7E7966D71810823500FA85AD /* icon-50@2x.png */; };
		7E7966E21810823500FA85AD /* icon-60.png in Resources */ = {isa = PBXBuildFile; fileRef = 7E7966D81810823500FA85AD /* icon-60.png */; };
		7E7966E31810823500FA85AD /* icon-60@2x.png in Resources */ = {isa = PBXBuildFile; fileRef = 7E7966D91810823500FA85AD /* icon-60@2x.png */; };
		7E7966E41810823500FA85AD /* icon-76.png in Resources */ = {isa = PBXBuildFile; fileRef = 7E7966DA1810823500FA85AD /* icon-76.png */; };
		7E7966E51810823500FA85AD /* icon-76@2x.png in Resources */ = {isa = PBXBuildFile; fileRef = 7E7966DB1810823500FA85AD /* icon-76@2x.png */; };
		7E7966E61810823500FA85AD /* icon-small.png in Resources */ = {isa = PBXBuildFile; fileRef = 7E7966DC1810823500FA85AD /* icon-small.png */; };
		7E7966E71810823500FA85AD /* icon-small@2x.png in Resources */ = {isa = PBXBuildFile; fileRef = 7E7966DD1810823500FA85AD /* icon-small@2x.png */; };
		8768AE898800436EA1F56D76 /* CDVCapture.m in Sources */ = {isa = PBXBuildFile; fileRef = A4CCE77A368B4C33929B3EC7 /* CDVCapture.m */; };
		89EF1BE152794219A793E26C /* Security.framework in Frameworks */ = {isa = PBXBuildFile; fileRef = 6674AEE5D5444E459B996B36 /* Security.framework */; };
		918AF289DE0A41E2ACE09832 /* CDVJpegHeaderWriter.m in Sources */ = {isa = PBXBuildFile; fileRef = 47BDEA28B33A4A9BAAA40615 /* CDVJpegHeaderWriter.m */; };
		95A97F2F16814A369320C911 /* libxml2.dylib in Frameworks */ = {isa = PBXBuildFile; fileRef = 76A64F85B63D4F5892583D2B /* libxml2.dylib */; };
		9B6B4F3AE14143BCB94CBA1A /* CDVLocalFilesystem.m in Sources */ = {isa = PBXBuildFile; fileRef = 0D46628456444996921BBFAC /* CDVLocalFilesystem.m */; };
		9B7DF4CD43584867ACB49A4C /* OpenGLES.framework in Frameworks */ = {isa = PBXBuildFile; fileRef = 5C2F336C05404DC9A280A73C /* OpenGLES.framework */; };
		9EE73349FE6F46BBB4EBBCD8 /* UIWebViewExtension.m in Sources */ = {isa = PBXBuildFile; fileRef = 782ABE6665E54FC2B5CF120D /* UIWebViewExtension.m */; };
		A09258B1B00A4DDAA1BE08C8 /* EventKit.framework in Frameworks */ = {isa = PBXBuildFile; fileRef = C6747E26008145FDBE19C062 /* EventKit.framework */; };
		A2015E34A30443AE9441276D /* UIKit.framework in Frameworks */ = {isa = PBXBuildFile; fileRef = C36365A2660945D68D320849 /* UIKit.framework */; };
		A5562720420247559FE71A4D /* libstdc++.dylib in Frameworks */ = {isa = PBXBuildFile; fileRef = 234502FA880E487D9EFBB6A6 /* libstdc++.dylib */; };
		A869F7BBBB0E46D5A008293F /* CoreVideo.framework in Frameworks */ = {isa = PBXBuildFile; fileRef = 7D1B8E120A1F4528ADA3FE02 /* CoreVideo.framework */; };
		A95AB7C262904D88B7F69F0C /* CDVFile.m in Sources */ = {isa = PBXBuildFile; fileRef = C4FE98DAA66E4FB8BD2DA0E8 /* CDVFile.m */; };
		AEFC48ADAC7C4F8086615027 /* libsqlite3.dylib in Frameworks */ = {isa = PBXBuildFile; fileRef = FA87CD50FA1B4C25BB126106 /* libsqlite3.dylib */; };
		BF01A552D404402289844B49 /* AVFoundation.framework in Frameworks */ = {isa = PBXBuildFile; fileRef = 57B0BAF333BB4BCAAA01B9B0 /* AVFoundation.framework */; };
		C188EB361E364047948FFD01 /* Foundation.framework in Frameworks */ = {isa = PBXBuildFile; fileRef = 234E010CA13346FFB2DDBFFD /* Foundation.framework */; };
		C741514ABCBD4403856B73B6 /* ImageIO.framework in Frameworks */ = {isa = PBXBuildFile; fileRef = 1F2D7C01EF734909BE4D163C /* ImageIO.framework */; settings = {ATTRIBUTES = (Weak, ); }; };
		C88FD1221C554169AA114213 /* IonicKeyboard.m in Sources */ = {isa = PBXBuildFile; fileRef = 2B90FEF232AC496B99D49334 /* IonicKeyboard.m */; };
		D3AA1A5D308F4EE4A55DF01F /* CDVCamera.m in Sources */ = {isa = PBXBuildFile; fileRef = A210DE59E8D24DB3A8A2C0A6 /* CDVCamera.m */; };
		D4A0D8761607E02300AEF8BB /* Default-568h@2x~iphone.png in Resources */ = {isa = PBXBuildFile; fileRef = D4A0D8751607E02300AEF8BB /* Default-568h@2x~iphone.png */; };
		DF990996F5214D8781B5A24F /* OpenTokPlugin.m in Sources */ = {isa = PBXBuildFile; fileRef = 58FD10519E3A437D868FB8AF /* OpenTokPlugin.m */; };
		E57B19303EAA44DEA83F9C8F /* CoreMedia.framework in Frameworks */ = {isa = PBXBuildFile; fileRef = 3E85708D24F7451E9030F044 /* CoreMedia.framework */; };
		EA4EF2722F9946338123B650 /* CoreLocation.framework in Frameworks */ = {isa = PBXBuildFile; fileRef = 7C2CACD29BC7420481F4A614 /* CoreLocation.framework */; };
		F05B4806CE984308B87FBDF5 /* CDVCapture.bundle in Resources */ = {isa = PBXBuildFile; fileRef = 85609B8293354B9FB9A74A56 /* CDVCapture.bundle */; };
		F425EABD65E849AB92937201 /* libc++.dylib in Frameworks */ = {isa = PBXBuildFile; fileRef = F4C04CFC886542809E1DC889 /* libc++.dylib */; };
		F59796DE82234DF2B0B00612 /* CoreTelephony.framework in Frameworks */ = {isa = PBXBuildFile; fileRef = EE0F14B899A6453A9D86D642 /* CoreTelephony.framework */; };
		FA9B1555C09D48958B98894C /* MapKit.framework in Frameworks */ = {isa = PBXBuildFile; fileRef = ED876AFDCEC94C48BD19321E /* MapKit.framework */; };
		FDE8CB068D1D4C5CA98552FF /* CDVDevice.m in Sources */ = {isa = PBXBuildFile; fileRef = 6961935137104AAB9305F4F8 /* CDVDevice.m */; };
/* End PBXBuildFile section */

/* Begin PBXContainerItemProxy section */
		301BF534109A57CC0062928A /* PBXContainerItemProxy */ = {
			isa = PBXContainerItemProxy;
			containerPortal = 301BF52D109A57CC0062928A /* CordovaLib.xcodeproj */;
			proxyType = 2;
			remoteGlobalIDString = D2AAC07E0554694100DB518D;
			remoteInfo = CordovaLib;
		};
		301BF550109A68C00062928A /* PBXContainerItemProxy */ = {
			isa = PBXContainerItemProxy;
			containerPortal = 301BF52D109A57CC0062928A /* CordovaLib.xcodeproj */;
			proxyType = 1;
			remoteGlobalIDString = D2AAC07D0554694100DB518D;
			remoteInfo = CordovaLib;
		};
/* End PBXContainerItemProxy section */

/* Begin PBXFileReference section */
		087E7FE7ED1F4D52AAB25BC3 /* CDVFile.h */ = {isa = PBXFileReference; fileEncoding = 4; lastKnownFileType = sourcecode.c.h; name = CDVFile.h; path = org.apache.cordova.file/CDVFile.h; sourceTree = "<group>"; };
		09B95D3A38574EA7835FDB9D /* CDVSplashScreen.h */ = {isa = PBXFileReference; fileEncoding = 4; lastKnownFileType = sourcecode.c.h; name = CDVSplashScreen.h; path = "cordova-plugin-splashscreen/CDVSplashScreen.h"; sourceTree = "<group>"; };
		0D46628456444996921BBFAC /* CDVLocalFilesystem.m */ = {isa = PBXFileReference; fileEncoding = 4; lastKnownFileType = sourcecode.c.objc; name = CDVLocalFilesystem.m; path = org.apache.cordova.file/CDVLocalFilesystem.m; sourceTree = "<group>"; };
		11B2C5D7CF78401D98343279 /* libpthread.dylib */ = {isa = PBXFileReference; fileEncoding = 4; lastKnownFileType = "compiled.mach-o.dylib"; name = libpthread.dylib; path = usr/lib/libpthread.dylib; sourceTree = SDKROOT; };
		12F953F66782406F83D798ED /* CDVLocation.m */ = {isa = PBXFileReference; fileEncoding = 4; lastKnownFileType = sourcecode.c.objc; name = CDVLocation.m; path = org.apache.cordova.geolocation/CDVLocation.m; sourceTree = "<group>"; };
		1D3623240D0F684500981E51 /* AppDelegate.h */ = {isa = PBXFileReference; fileEncoding = 4; lastKnownFileType = sourcecode.c.h; path = AppDelegate.h; sourceTree = "<group>"; };
		1D3623250D0F684500981E51 /* AppDelegate.m */ = {isa = PBXFileReference; fileEncoding = 4; lastKnownFileType = sourcecode.c.objc; path = AppDelegate.m; sourceTree = "<group>"; };
		1D6058910D05DD3D006BFB54 /* onTrack.app */ = {isa = PBXFileReference; explicitFileType = wrapper.application; includeInIndex = 0; path = onTrack.app; sourceTree = BUILT_PRODUCTS_DIR; };
		1F2D7C01EF734909BE4D163C /* ImageIO.framework */ = {isa = PBXFileReference; fileEncoding = 4; lastKnownFileType = wrapper.framework; name = ImageIO.framework; path = System/Library/Frameworks/ImageIO.framework; sourceTree = SDKROOT; };
		234502FA880E487D9EFBB6A6 /* libstdc++.dylib */ = {isa = PBXFileReference; fileEncoding = 4; lastKnownFileType = "compiled.mach-o.dylib"; name = "libstdc++.dylib"; path = "usr/lib/libstdc++.dylib"; sourceTree = SDKROOT; };
		234E010CA13346FFB2DDBFFD /* Foundation.framework */ = {isa = PBXFileReference; fileEncoding = 4; lastKnownFileType = wrapper.framework; name = Foundation.framework; path = System/Library/Frameworks/Foundation.framework; sourceTree = SDKROOT; };
		241F82F781B6478AB46FF1C1 /* SystemConfiguration.framework */ = {isa = PBXFileReference; fileEncoding = 4; lastKnownFileType = wrapper.framework; name = SystemConfiguration.framework; path = System/Library/Frameworks/SystemConfiguration.framework; sourceTree = SDKROOT; };
		288765FC0DF74451002DB57D /* CoreGraphics.framework */ = {isa = PBXFileReference; lastKnownFileType = wrapper.framework; name = CoreGraphics.framework; path = System/Library/Frameworks/CoreGraphics.framework; sourceTree = SDKROOT; };
		29B97316FDCFA39411CA2CEA /* main.m */ = {isa = PBXFileReference; fileEncoding = 4; lastKnownFileType = sourcecode.c.objc; path = main.m; sourceTree = "<group>"; };
		2B90FEF232AC496B99D49334 /* IonicKeyboard.m */ = {isa = PBXFileReference; fileEncoding = 4; lastKnownFileType = sourcecode.c.objc; name = IonicKeyboard.m; path = com.ionic.keyboard/IonicKeyboard.m; sourceTree = "<group>"; };
		2F0E16A5EAA14DA6B16F00E2 /* CDVSplashScreen.m */ = {isa = PBXFileReference; fileEncoding = 4; lastKnownFileType = sourcecode.c.objc; name = CDVSplashScreen.m; path = "cordova-plugin-splashscreen/CDVSplashScreen.m"; sourceTree = "<group>"; };
		2F3BEA2546BA4D9985BBBF1D /* CDVViewController+SplashScreen.m */ = {isa = PBXFileReference; fileEncoding = 4; lastKnownFileType = sourcecode.c.objc; name = "CDVViewController+SplashScreen.m"; path = "cordova-plugin-splashscreen/CDVViewController+SplashScreen.m"; sourceTree = "<group>"; };
		301BF52D109A57CC0062928A /* CordovaLib.xcodeproj */ = {isa = PBXFileReference; lastKnownFileType = "wrapper.pb-project"; name = CordovaLib.xcodeproj; path = CordovaLib/CordovaLib.xcodeproj; sourceTree = "<group>"; };
		301BF56E109A69640062928A /* www */ = {isa = PBXFileReference; lastKnownFileType = folder; path = www; sourceTree = SOURCE_ROOT; };
		302D95EE14D2391D003F00A1 /* MainViewController.h */ = {isa = PBXFileReference; fileEncoding = 4; lastKnownFileType = sourcecode.c.h; path = MainViewController.h; sourceTree = "<group>"; };
		302D95EF14D2391D003F00A1 /* MainViewController.m */ = {isa = PBXFileReference; fileEncoding = 4; lastKnownFileType = sourcecode.c.objc; path = MainViewController.m; sourceTree = "<group>"; };
		302D95F014D2391D003F00A1 /* MainViewController.xib */ = {isa = PBXFileReference; fileEncoding = 4; lastKnownFileType = file.xib; path = MainViewController.xib; sourceTree = "<group>"; };
		305D5FD0115AB8F900A74A75 /* MobileCoreServices.framework */ = {isa = PBXFileReference; lastKnownFileType = wrapper.framework; name = MobileCoreServices.framework; path = System/Library/Frameworks/MobileCoreServices.framework; sourceTree = SDKROOT; };
		3088BBB7154F3926009F9C59 /* Default-Landscape@2x~ipad.png */ = {isa = PBXFileReference; lastKnownFileType = image.png; path = "Default-Landscape@2x~ipad.png"; sourceTree = "<group>"; };
		3088BBB8154F3926009F9C59 /* Default-Landscape~ipad.png */ = {isa = PBXFileReference; lastKnownFileType = image.png; path = "Default-Landscape~ipad.png"; sourceTree = "<group>"; };
		3088BBB9154F3926009F9C59 /* Default-Portrait@2x~ipad.png */ = {isa = PBXFileReference; lastKnownFileType = image.png; path = "Default-Portrait@2x~ipad.png"; sourceTree = "<group>"; };
		3088BBBA154F3926009F9C59 /* Default-Portrait~ipad.png */ = {isa = PBXFileReference; lastKnownFileType = image.png; path = "Default-Portrait~ipad.png"; sourceTree = "<group>"; };
		3088BBBB154F3926009F9C59 /* Default@2x~iphone.png */ = {isa = PBXFileReference; lastKnownFileType = image.png; path = "Default@2x~iphone.png"; sourceTree = "<group>"; };
		3088BBBC154F3926009F9C59 /* Default~iphone.png */ = {isa = PBXFileReference; lastKnownFileType = image.png; path = "Default~iphone.png"; sourceTree = "<group>"; };
		308D052E1370CCF300D202BF /* icon-72.png */ = {isa = PBXFileReference; lastKnownFileType = image.png; path = "icon-72.png"; sourceTree = "<group>"; };
		308D052F1370CCF300D202BF /* icon.png */ = {isa = PBXFileReference; lastKnownFileType = image.png; path = icon.png; sourceTree = "<group>"; };
		308D05301370CCF300D202BF /* icon@2x.png */ = {isa = PBXFileReference; lastKnownFileType = image.png; path = "icon@2x.png"; sourceTree = "<group>"; };
		30B4F2FD19D5E07200D9F7D8 /* Default-667h.png */ = {isa = PBXFileReference; lastKnownFileType = image.png; path = "Default-667h.png"; sourceTree = "<group>"; };
		30B4F2FE19D5E07200D9F7D8 /* Default-736h.png */ = {isa = PBXFileReference; lastKnownFileType = image.png; path = "Default-736h.png"; sourceTree = "<group>"; };
		30B4F2FF19D5E07200D9F7D8 /* Default-Landscape-736h.png */ = {isa = PBXFileReference; lastKnownFileType = image.png; path = "Default-Landscape-736h.png"; sourceTree = "<group>"; };
		30C1856519D5FC0A00212699 /* icon-60@3x.png */ = {isa = PBXFileReference; lastKnownFileType = image.png; path = "icon-60@3x.png"; sourceTree = "<group>"; };
		30FC414816E50CA1004E6F35 /* icon-72@2x.png */ = {isa = PBXFileReference; lastKnownFileType = image.png; path = "icon-72@2x.png"; sourceTree = "<group>"; };
		32CA4F630368D1EE00C91783 /* onTrack-Prefix.pch */ = {isa = PBXFileReference; fileEncoding = 4; lastKnownFileType = sourcecode.c.h; path = "onTrack-Prefix.pch"; sourceTree = "<group>"; };
		364062603ED749D2A4138A0F /* UIImage+CropScaleOrientation.m */ = {isa = PBXFileReference; fileEncoding = 4; lastKnownFileType = sourcecode.c.objc; name = "UIImage+CropScaleOrientation.m"; path = "org.apache.cordova.camera/UIImage+CropScaleOrientation.m"; sourceTree = "<group>"; };
		3B7542BBB33A47098DDB4E40 /* CDVLogger.m */ = {isa = PBXFileReference; fileEncoding = 4; lastKnownFileType = sourcecode.c.objc; name = CDVLogger.m; path = "cordova-plugin-console/CDVLogger.m"; sourceTree = "<group>"; };
		3E476111BBEE49B88DADDF11 /* CoreData.framework */ = {isa = PBXFileReference; fileEncoding = 4; lastKnownFileType = wrapper.framework; name = CoreData.framework; path = System/Library/Frameworks/CoreData.framework; sourceTree = SDKROOT; };
		3E85708D24F7451E9030F044 /* CoreMedia.framework */ = {isa = PBXFileReference; fileEncoding = 4; lastKnownFileType = wrapper.framework; name = CoreMedia.framework; path = System/Library/Frameworks/CoreMedia.framework; sourceTree = SDKROOT; };
		47BDEA28B33A4A9BAAA40615 /* CDVJpegHeaderWriter.m */ = {isa = PBXFileReference; fileEncoding = 4; lastKnownFileType = sourcecode.c.objc; name = CDVJpegHeaderWriter.m; path = org.apache.cordova.camera/CDVJpegHeaderWriter.m; sourceTree = "<group>"; };
		48732688277A4CDA80AE6C67 /* MediaPlayer.framework */ = {isa = PBXFileReference; fileEncoding = 4; lastKnownFileType = wrapper.framework; name = MediaPlayer.framework; path = System/Library/Frameworks/MediaPlayer.framework; sourceTree = SDKROOT; };
		4F08A756966E40648012B631 /* PKVideoThumbnail.h */ = {isa = PBXFileReference; fileEncoding = 4; lastKnownFileType = sourcecode.c.h; name = PKVideoThumbnail.h; path = com.photokandy.videothumbnail/PKVideoThumbnail.h; sourceTree = "<group>"; };
		528557530A9A4E6FB9F43E92 /* GLKit.framework */ = {isa = PBXFileReference; fileEncoding = 4; lastKnownFileType = wrapper.framework; name = GLKit.framework; path = System/Library/Frameworks/GLKit.framework; sourceTree = SDKROOT; };
		53768A01448943239D77D5C3 /* CDVLocation.h */ = {isa = PBXFileReference; fileEncoding = 4; lastKnownFileType = sourcecode.c.h; name = CDVLocation.h; path = org.apache.cordova.geolocation/CDVLocation.h; sourceTree = "<group>"; };
		55E68FDE3A074E65A6F9162E /* Toast+UIView.m */ = {isa = PBXFileReference; fileEncoding = 4; lastKnownFileType = sourcecode.c.objc; name = "Toast+UIView.m"; path = "cordova-plugin-x-toast/Toast+UIView.m"; sourceTree = "<group>"; };
		57B0BAF333BB4BCAAA01B9B0 /* AVFoundation.framework */ = {isa = PBXFileReference; fileEncoding = 4; lastKnownFileType = wrapper.framework; name = AVFoundation.framework; path = System/Library/Frameworks/AVFoundation.framework; sourceTree = SDKROOT; };
		58FD10519E3A437D868FB8AF /* OpenTokPlugin.m */ = {isa = PBXFileReference; fileEncoding = 4; lastKnownFileType = sourcecode.c.objc; name = OpenTokPlugin.m; path = com.tokbox.cordova.opentok/OpenTokPlugin.m; sourceTree = "<group>"; };
		5B1594DC16A7569C00FEF299 /* AssetsLibrary.framework */ = {isa = PBXFileReference; lastKnownFileType = wrapper.framework; name = AssetsLibrary.framework; path = System/Library/Frameworks/AssetsLibrary.framework; sourceTree = SDKROOT; };
		5C2F336C05404DC9A280A73C /* OpenGLES.framework */ = {isa = PBXFileReference; fileEncoding = 4; lastKnownFileType = wrapper.framework; name = OpenGLES.framework; path = System/Library/Frameworks/OpenGLES.framework; sourceTree = SDKROOT; };
		60C7142959434F9A8D377503 /* CDVJpegHeaderWriter.h */ = {isa = PBXFileReference; fileEncoding = 4; lastKnownFileType = sourcecode.c.h; name = CDVJpegHeaderWriter.h; path = org.apache.cordova.camera/CDVJpegHeaderWriter.h; sourceTree = "<group>"; };
		6674AEE5D5444E459B996B36 /* Security.framework */ = {isa = PBXFileReference; fileEncoding = 4; lastKnownFileType = wrapper.framework; name = Security.framework; path = System/Library/Frameworks/Security.framework; sourceTree = SDKROOT; };
		689DD50FAEC44B92B4BE0469 /* UIImage+CropScaleOrientation.h */ = {isa = PBXFileReference; fileEncoding = 4; lastKnownFileType = sourcecode.c.h; name = "UIImage+CropScaleOrientation.h"; path = "org.apache.cordova.camera/UIImage+CropScaleOrientation.h"; sourceTree = "<group>"; };
		6961935137104AAB9305F4F8 /* CDVDevice.m */ = {isa = PBXFileReference; fileEncoding = 4; lastKnownFileType = sourcecode.c.objc; name = CDVDevice.m; path = "cordova-plugin-device/CDVDevice.m"; sourceTree = "<group>"; };
		6AF84101B4C740BC922FF15A /* Toast.h */ = {isa = PBXFileReference; fileEncoding = 4; lastKnownFileType = sourcecode.c.h; name = Toast.h; path = "cordova-plugin-x-toast/Toast.h"; sourceTree = "<group>"; };
		6C30F34A9ADC455E90B9C03D /* CDVExif.h */ = {isa = PBXFileReference; fileEncoding = 4; lastKnownFileType = sourcecode.c.h; name = CDVExif.h; path = org.apache.cordova.camera/CDVExif.h; sourceTree = "<group>"; };
		6D3E67CFCCB24A1F961AA47F /* CDVAssetLibraryFilesystem.m */ = {isa = PBXFileReference; fileEncoding = 4; lastKnownFileType = sourcecode.c.objc; name = CDVAssetLibraryFilesystem.m; path = org.apache.cordova.file/CDVAssetLibraryFilesystem.m; sourceTree = "<group>"; };
		76A64F85B63D4F5892583D2B /* libxml2.dylib */ = {isa = PBXFileReference; fileEncoding = 4; lastKnownFileType = "compiled.mach-o.dylib"; name = libxml2.dylib; path = usr/lib/libxml2.dylib; sourceTree = SDKROOT; };
		782ABE6665E54FC2B5CF120D /* UIWebViewExtension.m */ = {isa = PBXFileReference; fileEncoding = 4; lastKnownFileType = sourcecode.c.objc; name = UIWebViewExtension.m; path = com.ionic.keyboard/UIWebViewExtension.m; sourceTree = "<group>"; };
		796AFD31E29F42A08A9735E0 /* Toast.m */ = {isa = PBXFileReference; fileEncoding = 4; lastKnownFileType = sourcecode.c.objc; name = Toast.m; path = "cordova-plugin-x-toast/Toast.m"; sourceTree = "<group>"; };
		7C2CACD29BC7420481F4A614 /* CoreLocation.framework */ = {isa = PBXFileReference; fileEncoding = 4; lastKnownFileType = wrapper.framework; name = CoreLocation.framework; path = System/Library/Frameworks/CoreLocation.framework; sourceTree = SDKROOT; };
		7D1B8E120A1F4528ADA3FE02 /* CoreVideo.framework */ = {isa = PBXFileReference; fileEncoding = 4; lastKnownFileType = wrapper.framework; name = CoreVideo.framework; path = System/Library/Frameworks/CoreVideo.framework; sourceTree = SDKROOT; };
		7E7966D41810823500FA85AD /* icon-40.png */ = {isa = PBXFileReference; lastKnownFileType = image.png; path = "icon-40.png"; sourceTree = "<group>"; };
		7E7966D51810823500FA85AD /* icon-40@2x.png */ = {isa = PBXFileReference; lastKnownFileType = image.png; path = "icon-40@2x.png"; sourceTree = "<group>"; };
		7E7966D61810823500FA85AD /* icon-50.png */ = {isa = PBXFileReference; lastKnownFileType = image.png; path = "icon-50.png"; sourceTree = "<group>"; };
		7E7966D71810823500FA85AD /* icon-50@2x.png */ = {isa = PBXFileReference; lastKnownFileType = image.png; path = "icon-50@2x.png"; sourceTree = "<group>"; };
		7E7966D81810823500FA85AD /* icon-60.png */ = {isa = PBXFileReference; lastKnownFileType = image.png; path = "icon-60.png"; sourceTree = "<group>"; };
		7E7966D91810823500FA85AD /* icon-60@2x.png */ = {isa = PBXFileReference; lastKnownFileType = image.png; path = "icon-60@2x.png"; sourceTree = "<group>"; };
		7E7966DA1810823500FA85AD /* icon-76.png */ = {isa = PBXFileReference; lastKnownFileType = image.png; path = "icon-76.png"; sourceTree = "<group>"; };
		7E7966DB1810823500FA85AD /* icon-76@2x.png */ = {isa = PBXFileReference; lastKnownFileType = image.png; path = "icon-76@2x.png"; sourceTree = "<group>"; };
		7E7966DC1810823500FA85AD /* icon-small.png */ = {isa = PBXFileReference; lastKnownFileType = image.png; path = "icon-small.png"; sourceTree = "<group>"; };
		7E7966DD1810823500FA85AD /* icon-small@2x.png */ = {isa = PBXFileReference; lastKnownFileType = image.png; path = "icon-small@2x.png"; sourceTree = "<group>"; };
		7F1DCB379D504A15B4F15AC3 /* OpenTok.framework */ = {isa = PBXFileReference; lastKnownFileType = wrapper.framework; name = OpenTok.framework; path = onTrack/Plugins/com.tokbox.cordova.opentok/OpenTok.framework; sourceTree = "<group>"; };
		85609B8293354B9FB9A74A56 /* CDVCapture.bundle */ = {isa = PBXFileReference; lastKnownFileType = "wrapper.plug-in"; path = CDVCapture.bundle; sourceTree = "<group>"; };
		8D1107310486CEB800E47090 /* onTrack-Info.plist */ = {isa = PBXFileReference; fileEncoding = 4; lastKnownFileType = text.plist.xml; name = "onTrack-Info.plist"; path = "../onTrack-Info.plist"; plistStructureDefinitionIdentifier = "com.apple.xcode.plist.structure-definition.iphone.info-plist"; sourceTree = "<group>"; };
		92B1207D562244B192562F45 /* CDVDevice.h */ = {isa = PBXFileReference; fileEncoding = 4; lastKnownFileType = sourcecode.c.h; name = CDVDevice.h; path = "cordova-plugin-device/CDVDevice.h"; sourceTree = "<group>"; };
		998DBF1989594C4EB33ADAB0 /* QuartzCore.framework */ = {isa = PBXFileReference; fileEncoding = 4; lastKnownFileType = wrapper.framework; name = QuartzCore.framework; path = System/Library/Frameworks/QuartzCore.framework; sourceTree = SDKROOT; };
		9C7AF7523D7649A1BBD52CBD /* PKVideoThumbnail.m */ = {isa = PBXFileReference; fileEncoding = 4; lastKnownFileType = sourcecode.c.objc; name = PKVideoThumbnail.m; path = com.photokandy.videothumbnail/PKVideoThumbnail.m; sourceTree = "<group>"; };
		9F49FBEA257649839096A67A /* UIWebViewExtension.h */ = {isa = PBXFileReference; fileEncoding = 4; lastKnownFileType = sourcecode.c.h; name = UIWebViewExtension.h; path = com.ionic.keyboard/UIWebViewExtension.h; sourceTree = "<group>"; };
		A210DE59E8D24DB3A8A2C0A6 /* CDVCamera.m */ = {isa = PBXFileReference; fileEncoding = 4; lastKnownFileType = sourcecode.c.objc; name = CDVCamera.m; path = org.apache.cordova.camera/CDVCamera.m; sourceTree = "<group>"; };
		A4CCE77A368B4C33929B3EC7 /* CDVCapture.m */ = {isa = PBXFileReference; fileEncoding = 4; lastKnownFileType = sourcecode.c.objc; name = CDVCapture.m; path = "org.apache.cordova.media-capture/CDVCapture.m"; sourceTree = "<group>"; };
		A950DF4AADE74C129245D617 /* Toast+UIView.h */ = {isa = PBXFileReference; fileEncoding = 4; lastKnownFileType = sourcecode.c.h; name = "Toast+UIView.h"; path = "cordova-plugin-x-toast/Toast+UIView.h"; sourceTree = "<group>"; };
		A97C78B847F44F238DAD460E /* CDVCapture.h */ = {isa = PBXFileReference; fileEncoding = 4; lastKnownFileType = sourcecode.c.h; name = CDVCapture.h; path = "org.apache.cordova.media-capture/CDVCapture.h"; sourceTree = "<group>"; };
		B427A3A8BB844D6E92CF1236 /* CDVViewController+SplashScreen.h */ = {isa = PBXFileReference; fileEncoding = 4; lastKnownFileType = sourcecode.c.h; name = "CDVViewController+SplashScreen.h"; path = "cordova-plugin-splashscreen/CDVViewController+SplashScreen.h"; sourceTree = "<group>"; };
		B69ACD02C35E4316A6C6AA83 /* CDVLocalFilesystem.h */ = {isa = PBXFileReference; fileEncoding = 4; lastKnownFileType = sourcecode.c.h; name = CDVLocalFilesystem.h; path = org.apache.cordova.file/CDVLocalFilesystem.h; sourceTree = "<group>"; };
		BEBC3ACE019D4C7FB67CF7F6 /* VideoToolbox.framework */ = {isa = PBXFileReference; fileEncoding = 4; lastKnownFileType = wrapper.framework; name = VideoToolbox.framework; path = System/Library/Frameworks/VideoToolbox.framework; sourceTree = SDKROOT; };
		C36365A2660945D68D320849 /* UIKit.framework */ = {isa = PBXFileReference; fileEncoding = 4; lastKnownFileType = wrapper.framework; name = UIKit.framework; path = System/Library/Frameworks/UIKit.framework; sourceTree = SDKROOT; };
		C4FE98DAA66E4FB8BD2DA0E8 /* CDVFile.m */ = {isa = PBXFileReference; fileEncoding = 4; lastKnownFileType = sourcecode.c.objc; name = CDVFile.m; path = org.apache.cordova.file/CDVFile.m; sourceTree = "<group>"; };
		C6747E26008145FDBE19C062 /* EventKit.framework */ = {isa = PBXFileReference; fileEncoding = 4; lastKnownFileType = wrapper.framework; name = EventKit.framework; path = System/Library/Frameworks/EventKit.framework; sourceTree = SDKROOT; };
		CEDA2FCDC9174ECAB0DBFE5B /* CFNetwork.framework */ = {isa = PBXFileReference; fileEncoding = 4; lastKnownFileType = wrapper.framework; name = CFNetwork.framework; path = System/Library/Frameworks/CFNetwork.framework; sourceTree = SDKROOT; };
		D4A0D8751607E02300AEF8BB /* Default-568h@2x~iphone.png */ = {isa = PBXFileReference; lastKnownFileType = image.png; path = "Default-568h@2x~iphone.png"; sourceTree = "<group>"; };
		D7A81C34C2224399AA84D60B /* CDVAssetLibraryFilesystem.h */ = {isa = PBXFileReference; fileEncoding = 4; lastKnownFileType = sourcecode.c.h; name = CDVAssetLibraryFilesystem.h; path = org.apache.cordova.file/CDVAssetLibraryFilesystem.h; sourceTree = "<group>"; };
		EB87FDF21871DA7A0020F90C /* merges */ = {isa = PBXFileReference; lastKnownFileType = folder; name = merges; path = ../../merges; sourceTree = "<group>"; };
		EB87FDF31871DA8E0020F90C /* www */ = {isa = PBXFileReference; lastKnownFileType = folder; name = www; path = ../../www; sourceTree = "<group>"; };
		EB87FDF41871DAF40020F90C /* config.xml */ = {isa = PBXFileReference; lastKnownFileType = text.xml; name = config.xml; path = ../../config.xml; sourceTree = "<group>"; };
		EC96E038EDE841F48C80922C /* AudioToolbox.framework */ = {isa = PBXFileReference; fileEncoding = 4; lastKnownFileType = wrapper.framework; name = AudioToolbox.framework; path = System/Library/Frameworks/AudioToolbox.framework; sourceTree = SDKROOT; };
		ED876AFDCEC94C48BD19321E /* MapKit.framework */ = {isa = PBXFileReference; fileEncoding = 4; lastKnownFileType = wrapper.framework; name = MapKit.framework; path = System/Library/Frameworks/MapKit.framework; sourceTree = SDKROOT; };
		EE0F14B899A6453A9D86D642 /* CoreTelephony.framework */ = {isa = PBXFileReference; fileEncoding = 4; lastKnownFileType = wrapper.framework; name = CoreTelephony.framework; path = System/Library/Frameworks/CoreTelephony.framework; sourceTree = SDKROOT; };
		F014674B491E4F24ABC70DA1 /* CDVLogger.h */ = {isa = PBXFileReference; fileEncoding = 4; lastKnownFileType = sourcecode.c.h; name = CDVLogger.h; path = "cordova-plugin-console/CDVLogger.h"; sourceTree = "<group>"; };
		F2ED18D46191418D89BF7934 /* CDVCamera.h */ = {isa = PBXFileReference; fileEncoding = 4; lastKnownFileType = sourcecode.c.h; name = CDVCamera.h; path = org.apache.cordova.camera/CDVCamera.h; sourceTree = "<group>"; };
		F4C04CFC886542809E1DC889 /* libc++.dylib */ = {isa = PBXFileReference; fileEncoding = 4; lastKnownFileType = "compiled.mach-o.dylib"; name = "libc++.dylib"; path = "usr/lib/libc++.dylib"; sourceTree = SDKROOT; };
		F6EA6D021B0D461E8E9D72C0 /* IonicKeyboard.h */ = {isa = PBXFileReference; fileEncoding = 4; lastKnownFileType = sourcecode.c.h; name = IonicKeyboard.h; path = com.ionic.keyboard/IonicKeyboard.h; sourceTree = "<group>"; };
		F840E1F0165FE0F500CFE078 /* config.xml */ = {isa = PBXFileReference; lastKnownFileType = text.xml; name = config.xml; path = onTrack/config.xml; sourceTree = "<group>"; };
		FA87CD50FA1B4C25BB126106 /* libsqlite3.dylib */ = {isa = PBXFileReference; fileEncoding = 4; lastKnownFileType = "compiled.mach-o.dylib"; name = libsqlite3.dylib; path = usr/lib/libsqlite3.dylib; sourceTree = SDKROOT; };
		FE52CEA252764DB9AEDEE287 /* OpenTokPlugin.h */ = {isa = PBXFileReference; fileEncoding = 4; lastKnownFileType = sourcecode.c.h; name = OpenTokPlugin.h; path = com.tokbox.cordova.opentok/OpenTokPlugin.h; sourceTree = "<group>"; };
/* End PBXFileReference section */

/* Begin PBXFrameworksBuildPhase section */
		1D60588F0D05DD3D006BFB54 /* Frameworks */ = {
			isa = PBXFrameworksBuildPhase;
			buildActionMask = 2147483647;
			files = (
				5B1594DD16A7569C00FEF299 /* AssetsLibrary.framework in Frameworks */,
				301BF552109A68D80062928A /* libCordova.a in Frameworks */,
				288765FD0DF74451002DB57D /* CoreGraphics.framework in Frameworks */,
				305D5FD1115AB8F900A74A75 /* MobileCoreServices.framework in Frameworks */,
				268F7CEC4B0E48418718AEE8 /* MediaPlayer.framework in Frameworks */,
				7A9B89B155084303AA36E845 /* QuartzCore.framework in Frameworks */,
				C741514ABCBD4403856B73B6 /* ImageIO.framework in Frameworks */,
				EA4EF2722F9946338123B650 /* CoreLocation.framework in Frameworks */,
				17EEBF5D1C3F4F178E0DB65A /* OpenTok.framework in Frameworks */,
				A5562720420247559FE71A4D /* libstdc++.dylib in Frameworks */,
				F425EABD65E849AB92937201 /* libc++.dylib in Frameworks */,
				95A97F2F16814A369320C911 /* libxml2.dylib in Frameworks */,
				AEFC48ADAC7C4F8086615027 /* libsqlite3.dylib in Frameworks */,
				1984E9D489784AE4BB9743FA /* libpthread.dylib in Frameworks */,
				3D83E348137340C59420E2FC /* VideoToolbox.framework in Frameworks */,
				6E057BDD2B2F44EBB4EB1EEB /* AudioToolbox.framework in Frameworks */,
				5935A8A525F14AE795B9BEBD /* CoreData.framework in Frameworks */,
				BF01A552D404402289844B49 /* AVFoundation.framework in Frameworks */,
				E57B19303EAA44DEA83F9C8F /* CoreMedia.framework in Frameworks */,
				A869F7BBBB0E46D5A008293F /* CoreVideo.framework in Frameworks */,
				9B7DF4CD43584867ACB49A4C /* OpenGLES.framework in Frameworks */,
				7CD39C36081D4399A521034F /* SystemConfiguration.framework in Frameworks */,
				F59796DE82234DF2B0B00612 /* CoreTelephony.framework in Frameworks */,
				2964AA9A73EF4D188FBCC247 /* GLKit.framework in Frameworks */,
				A09258B1B00A4DDAA1BE08C8 /* EventKit.framework in Frameworks */,
				FA9B1555C09D48958B98894C /* MapKit.framework in Frameworks */,
				A2015E34A30443AE9441276D /* UIKit.framework in Frameworks */,
				C188EB361E364047948FFD01 /* Foundation.framework in Frameworks */,
				89EF1BE152794219A793E26C /* Security.framework in Frameworks */,
				34DE4BC57C034D569A10334B /* CFNetwork.framework in Frameworks */,
			);
			runOnlyForDeploymentPostprocessing = 0;
		};
/* End PBXFrameworksBuildPhase section */

/* Begin PBXGroup section */
		080E96DDFE201D6D7F000001 /* Classes */ = {
			isa = PBXGroup;
			children = (
				302D95EE14D2391D003F00A1 /* MainViewController.h */,
				302D95EF14D2391D003F00A1 /* MainViewController.m */,
				302D95F014D2391D003F00A1 /* MainViewController.xib */,
				1D3623240D0F684500981E51 /* AppDelegate.h */,
				1D3623250D0F684500981E51 /* AppDelegate.m */,
			);
			name = Classes;
			path = onTrack/Classes;
			sourceTree = SOURCE_ROOT;
		};
		19C28FACFE9D520D11CA2CBB /* Products */ = {
			isa = PBXGroup;
			children = (
				1D6058910D05DD3D006BFB54 /* onTrack.app */,
			);
			name = Products;
			sourceTree = "<group>";
		};
		29B97314FDCFA39411CA2CEA /* CustomTemplate */ = {
			isa = PBXGroup;
			children = (
				EB87FDF41871DAF40020F90C /* config.xml */,
				EB87FDF31871DA8E0020F90C /* www */,
				EB87FDF21871DA7A0020F90C /* merges */,
				EB87FDF11871DA420020F90C /* Staging */,
				301BF52D109A57CC0062928A /* CordovaLib.xcodeproj */,
				080E96DDFE201D6D7F000001 /* Classes */,
				307C750510C5A3420062BCA9 /* Plugins */,
				29B97315FDCFA39411CA2CEA /* Other Sources */,
				29B97317FDCFA39411CA2CEA /* Resources */,
				29B97323FDCFA39411CA2CEA /* Frameworks */,
				19C28FACFE9D520D11CA2CBB /* Products */,
			);
			name = CustomTemplate;
			sourceTree = "<group>";
		};
		29B97315FDCFA39411CA2CEA /* Other Sources */ = {
			isa = PBXGroup;
			children = (
				32CA4F630368D1EE00C91783 /* onTrack-Prefix.pch */,
				29B97316FDCFA39411CA2CEA /* main.m */,
			);
			name = "Other Sources";
			path = onTrack;
			sourceTree = "<group>";
		};
		29B97317FDCFA39411CA2CEA /* Resources */ = {
			isa = PBXGroup;
			children = (
				308D052D1370CCF300D202BF /* icons */,
				308D05311370CCF300D202BF /* splash */,
				8D1107310486CEB800E47090 /* onTrack-Info.plist */,
				85609B8293354B9FB9A74A56 /* CDVCapture.bundle */,
			);
			name = Resources;
			path = onTrack/Resources;
			sourceTree = "<group>";
		};
		29B97323FDCFA39411CA2CEA /* Frameworks */ = {
			isa = PBXGroup;
			children = (
				5B1594DC16A7569C00FEF299 /* AssetsLibrary.framework */,
				288765FC0DF74451002DB57D /* CoreGraphics.framework */,
				305D5FD0115AB8F900A74A75 /* MobileCoreServices.framework */,
				48732688277A4CDA80AE6C67 /* MediaPlayer.framework */,
				998DBF1989594C4EB33ADAB0 /* QuartzCore.framework */,
				1F2D7C01EF734909BE4D163C /* ImageIO.framework */,
				7C2CACD29BC7420481F4A614 /* CoreLocation.framework */,
				7F1DCB379D504A15B4F15AC3 /* OpenTok.framework */,
				234502FA880E487D9EFBB6A6 /* libstdc++.dylib */,
				F4C04CFC886542809E1DC889 /* libc++.dylib */,
				76A64F85B63D4F5892583D2B /* libxml2.dylib */,
				FA87CD50FA1B4C25BB126106 /* libsqlite3.dylib */,
				11B2C5D7CF78401D98343279 /* libpthread.dylib */,
				BEBC3ACE019D4C7FB67CF7F6 /* VideoToolbox.framework */,
				EC96E038EDE841F48C80922C /* AudioToolbox.framework */,
				3E476111BBEE49B88DADDF11 /* CoreData.framework */,
				57B0BAF333BB4BCAAA01B9B0 /* AVFoundation.framework */,
				3E85708D24F7451E9030F044 /* CoreMedia.framework */,
				7D1B8E120A1F4528ADA3FE02 /* CoreVideo.framework */,
				5C2F336C05404DC9A280A73C /* OpenGLES.framework */,
				241F82F781B6478AB46FF1C1 /* SystemConfiguration.framework */,
				EE0F14B899A6453A9D86D642 /* CoreTelephony.framework */,
				528557530A9A4E6FB9F43E92 /* GLKit.framework */,
				C6747E26008145FDBE19C062 /* EventKit.framework */,
				ED876AFDCEC94C48BD19321E /* MapKit.framework */,
				C36365A2660945D68D320849 /* UIKit.framework */,
				234E010CA13346FFB2DDBFFD /* Foundation.framework */,
				6674AEE5D5444E459B996B36 /* Security.framework */,
				CEDA2FCDC9174ECAB0DBFE5B /* CFNetwork.framework */,
			);
			name = Frameworks;
			sourceTree = "<group>";
		};
		301BF52E109A57CC0062928A /* Products */ = {
			isa = PBXGroup;
			children = (
				301BF535109A57CC0062928A /* libCordova.a */,
			);
			name = Products;
			sourceTree = "<group>";
		};
		307C750510C5A3420062BCA9 /* Plugins */ = {
			isa = PBXGroup;
			children = (
				2B90FEF232AC496B99D49334 /* IonicKeyboard.m */,
				782ABE6665E54FC2B5CF120D /* UIWebViewExtension.m */,
				F6EA6D021B0D461E8E9D72C0 /* IonicKeyboard.h */,
				9F49FBEA257649839096A67A /* UIWebViewExtension.h */,
				9C7AF7523D7649A1BBD52CBD /* PKVideoThumbnail.m */,
				4F08A756966E40648012B631 /* PKVideoThumbnail.h */,
				3B7542BBB33A47098DDB4E40 /* CDVLogger.m */,
				F014674B491E4F24ABC70DA1 /* CDVLogger.h */,
				6961935137104AAB9305F4F8 /* CDVDevice.m */,
				92B1207D562244B192562F45 /* CDVDevice.h */,
				2F0E16A5EAA14DA6B16F00E2 /* CDVSplashScreen.m */,
				2F3BEA2546BA4D9985BBBF1D /* CDVViewController+SplashScreen.m */,
				09B95D3A38574EA7835FDB9D /* CDVSplashScreen.h */,
				B427A3A8BB844D6E92CF1236 /* CDVViewController+SplashScreen.h */,
				55E68FDE3A074E65A6F9162E /* Toast+UIView.m */,
				796AFD31E29F42A08A9735E0 /* Toast.m */,
				A950DF4AADE74C129245D617 /* Toast+UIView.h */,
				6AF84101B4C740BC922FF15A /* Toast.h */,
				364062603ED749D2A4138A0F /* UIImage+CropScaleOrientation.m */,
				A210DE59E8D24DB3A8A2C0A6 /* CDVCamera.m */,
				47BDEA28B33A4A9BAAA40615 /* CDVJpegHeaderWriter.m */,
				689DD50FAEC44B92B4BE0469 /* UIImage+CropScaleOrientation.h */,
				F2ED18D46191418D89BF7934 /* CDVCamera.h */,
				60C7142959434F9A8D377503 /* CDVJpegHeaderWriter.h */,
				6C30F34A9ADC455E90B9C03D /* CDVExif.h */,
				C4FE98DAA66E4FB8BD2DA0E8 /* CDVFile.m */,
				0D46628456444996921BBFAC /* CDVLocalFilesystem.m */,
				6D3E67CFCCB24A1F961AA47F /* CDVAssetLibraryFilesystem.m */,
				087E7FE7ED1F4D52AAB25BC3 /* CDVFile.h */,
				B69ACD02C35E4316A6C6AA83 /* CDVLocalFilesystem.h */,
				D7A81C34C2224399AA84D60B /* CDVAssetLibraryFilesystem.h */,
				12F953F66782406F83D798ED /* CDVLocation.m */,
				53768A01448943239D77D5C3 /* CDVLocation.h */,
				A4CCE77A368B4C33929B3EC7 /* CDVCapture.m */,
				A97C78B847F44F238DAD460E /* CDVCapture.h */,
				58FD10519E3A437D868FB8AF /* OpenTokPlugin.m */,
				FE52CEA252764DB9AEDEE287 /* OpenTokPlugin.h */,
			);
			name = Plugins;
			path = onTrack/Plugins;
			sourceTree = SOURCE_ROOT;
		};
		308D052D1370CCF300D202BF /* icons */ = {
			isa = PBXGroup;
			children = (
				30C1856519D5FC0A00212699 /* icon-60@3x.png */,
				7E7966D41810823500FA85AD /* icon-40.png */,
				7E7966D51810823500FA85AD /* icon-40@2x.png */,
				7E7966D61810823500FA85AD /* icon-50.png */,
				7E7966D71810823500FA85AD /* icon-50@2x.png */,
				7E7966D81810823500FA85AD /* icon-60.png */,
				7E7966D91810823500FA85AD /* icon-60@2x.png */,
				7E7966DA1810823500FA85AD /* icon-76.png */,
				7E7966DB1810823500FA85AD /* icon-76@2x.png */,
				7E7966DC1810823500FA85AD /* icon-small.png */,
				7E7966DD1810823500FA85AD /* icon-small@2x.png */,
				30FC414816E50CA1004E6F35 /* icon-72@2x.png */,
				308D052E1370CCF300D202BF /* icon-72.png */,
				308D052F1370CCF300D202BF /* icon.png */,
				308D05301370CCF300D202BF /* icon@2x.png */,
			);
			path = icons;
			sourceTree = "<group>";
		};
		308D05311370CCF300D202BF /* splash */ = {
			isa = PBXGroup;
			children = (
				30B4F2FD19D5E07200D9F7D8 /* Default-667h.png */,
				30B4F2FE19D5E07200D9F7D8 /* Default-736h.png */,
				30B4F2FF19D5E07200D9F7D8 /* Default-Landscape-736h.png */,
				D4A0D8751607E02300AEF8BB /* Default-568h@2x~iphone.png */,
				3088BBB7154F3926009F9C59 /* Default-Landscape@2x~ipad.png */,
				3088BBB8154F3926009F9C59 /* Default-Landscape~ipad.png */,
				3088BBB9154F3926009F9C59 /* Default-Portrait@2x~ipad.png */,
				3088BBBA154F3926009F9C59 /* Default-Portrait~ipad.png */,
				3088BBBB154F3926009F9C59 /* Default@2x~iphone.png */,
				3088BBBC154F3926009F9C59 /* Default~iphone.png */,
			);
			path = splash;
			sourceTree = "<group>";
		};
		EB87FDF11871DA420020F90C /* Staging */ = {
			isa = PBXGroup;
			children = (
				F840E1F0165FE0F500CFE078 /* config.xml */,
				301BF56E109A69640062928A /* www */,
			);
			name = Staging;
			sourceTree = "<group>";
		};
/* End PBXGroup section */

/* Begin PBXNativeTarget section */
		1D6058900D05DD3D006BFB54 /* onTrack */ = {
			isa = PBXNativeTarget;
			buildConfigurationList = 1D6058960D05DD3E006BFB54 /* Build configuration list for PBXNativeTarget "onTrack" */;
			buildPhases = (
				304B58A110DAC018002A0835 /* Copy www directory */,
				1D60588D0D05DD3D006BFB54 /* Resources */,
				1D60588E0D05DD3D006BFB54 /* Sources */,
				1D60588F0D05DD3D006BFB54 /* Frameworks */,
			);
			buildRules = (
			);
			dependencies = (
				301BF551109A68C00062928A /* PBXTargetDependency */,
			);
			name = onTrack;
			productName = onTrack;
			productReference = 1D6058910D05DD3D006BFB54 /* onTrack.app */;
			productType = "com.apple.product-type.application";
		};
/* End PBXNativeTarget section */

/* Begin PBXProject section */
		29B97313FDCFA39411CA2CEA /* Project object */ = {
			isa = PBXProject;
			attributes = {
				LastUpgradeCheck = 700;
				TargetAttributes = {
					1D6058900D05DD3D006BFB54 = {
						DevelopmentTeam = 6SCT3P5H8F;
					};
				};
			};
			buildConfigurationList = C01FCF4E08A954540054247B /* Build configuration list for PBXProject "onTrack" */;
			compatibilityVersion = "Xcode 3.2";
			developmentRegion = English;
			hasScannedForEncodings = 1;
			knownRegions = (
				English,
				Japanese,
				French,
				German,
				en,
				es,
				de,
				se,
			);
			mainGroup = 29B97314FDCFA39411CA2CEA /* CustomTemplate */;
			projectDirPath = "";
			projectReferences = (
				{
					ProductGroup = 301BF52E109A57CC0062928A /* Products */;
					ProjectRef = 301BF52D109A57CC0062928A /* CordovaLib.xcodeproj */;
				},
			);
			projectRoot = "";
			targets = (
				1D6058900D05DD3D006BFB54 /* onTrack */,
			);
		};
/* End PBXProject section */

/* Begin PBXReferenceProxy section */
		301BF535109A57CC0062928A /* libCordova.a */ = {
			isa = PBXReferenceProxy;
			fileType = archive.ar;
			path = libCordova.a;
			remoteRef = 301BF534109A57CC0062928A /* PBXContainerItemProxy */;
			sourceTree = BUILT_PRODUCTS_DIR;
		};
/* End PBXReferenceProxy section */

/* Begin PBXResourcesBuildPhase section */
		1D60588D0D05DD3D006BFB54 /* Resources */ = {
			isa = PBXResourcesBuildPhase;
			buildActionMask = 2147483647;
			files = (
				7E7966E41810823500FA85AD /* icon-76.png in Resources */,
				7E7966DF1810823500FA85AD /* icon-40@2x.png in Resources */,
				308D05371370CCF300D202BF /* icon-72.png in Resources */,
				30B4F30119D5E07200D9F7D8 /* Default-736h.png in Resources */,
				308D05381370CCF300D202BF /* icon.png in Resources */,
				308D05391370CCF300D202BF /* icon@2x.png in Resources */,
				302D95F214D2391D003F00A1 /* MainViewController.xib in Resources */,
				7E7966E01810823500FA85AD /* icon-50.png in Resources */,
				7E7966E31810823500FA85AD /* icon-60@2x.png in Resources */,
				7E7966E61810823500FA85AD /* icon-small.png in Resources */,
				3088BBBD154F3926009F9C59 /* Default-Landscape@2x~ipad.png in Resources */,
				3088BBBE154F3926009F9C59 /* Default-Landscape~ipad.png in Resources */,
				3088BBBF154F3926009F9C59 /* Default-Portrait@2x~ipad.png in Resources */,
				7E7966E71810823500FA85AD /* icon-small@2x.png in Resources */,
				3088BBC0154F3926009F9C59 /* Default-Portrait~ipad.png in Resources */,
				30B4F30019D5E07200D9F7D8 /* Default-667h.png in Resources */,
				7E7966DE1810823500FA85AD /* icon-40.png in Resources */,
				3088BBC1154F3926009F9C59 /* Default@2x~iphone.png in Resources */,
				7E7966E21810823500FA85AD /* icon-60.png in Resources */,
				3088BBC2154F3926009F9C59 /* Default~iphone.png in Resources */,
				D4A0D8761607E02300AEF8BB /* Default-568h@2x~iphone.png in Resources */,
				30B4F30219D5E07200D9F7D8 /* Default-Landscape-736h.png in Resources */,
				30C1856619D5FC0A00212699 /* icon-60@3x.png in Resources */,
				7E7966E11810823500FA85AD /* icon-50@2x.png in Resources */,
				7E7966E51810823500FA85AD /* icon-76@2x.png in Resources */,
				30FC414916E50CA1004E6F35 /* icon-72@2x.png in Resources */,
				F05B4806CE984308B87FBDF5 /* CDVCapture.bundle in Resources */,
			);
			runOnlyForDeploymentPostprocessing = 0;
		};
/* End PBXResourcesBuildPhase section */

/* Begin PBXShellScriptBuildPhase section */
		304B58A110DAC018002A0835 /* Copy www directory */ = {
			isa = PBXShellScriptBuildPhase;
			buildActionMask = 2147483647;
			files = (
			);
			inputPaths = (
			);
			name = "Copy www directory";
			outputPaths = (
			);
			runOnlyForDeploymentPostprocessing = 0;
			shellPath = /bin/sh;
			shellScript = "NODEJS_PATH=/usr/local/bin; NVM_NODE_PATH=~/.nvm/versions/node/`nvm version 2>/dev/null`/bin; N_NODE_PATH=`find /usr/local/n/versions/node/* -maxdepth 0 -type d 2>/dev/null | tail -1`/bin; XCODE_NODE_PATH=`xcode-select --print-path`/usr/share/xcs/Node/bin; PATH=$NODEJS_PATH:$NVM_NODE_PATH:$N_NODE_PATH:$XCODE_NODE_PATH:$PATH && node cordova/lib/copy-www-build-step.js";
			showEnvVarsInLog = 0;
		};
/* End PBXShellScriptBuildPhase section */

/* Begin PBXSourcesBuildPhase section */
		1D60588E0D05DD3D006BFB54 /* Sources */ = {
			isa = PBXSourcesBuildPhase;
			buildActionMask = 2147483647;
			files = (
				1D60589B0D05DD56006BFB54 /* main.m in Sources */,
				1D3623260D0F684500981E51 /* AppDelegate.m in Sources */,
				302D95F114D2391D003F00A1 /* MainViewController.m in Sources */,
				C88FD1221C554169AA114213 /* IonicKeyboard.m in Sources */,
				9EE73349FE6F46BBB4EBBCD8 /* UIWebViewExtension.m in Sources */,
				646E122EA71C4114975926D9 /* PKVideoThumbnail.m in Sources */,
				6A33C98954B54414AA5DA034 /* CDVLogger.m in Sources */,
				FDE8CB068D1D4C5CA98552FF /* CDVDevice.m in Sources */,
				6A9DFFB4C5F04999908A79FA /* CDVSplashScreen.m in Sources */,
				35A8A189DEFB43E7B1CFA2CE /* CDVViewController+SplashScreen.m in Sources */,
				1DCF38FF880241339E4858AB /* Toast+UIView.m in Sources */,
				4676D337A3664D37ABE991C8 /* Toast.m in Sources */,
				7BED1F578E554C8BA5271D32 /* UIImage+CropScaleOrientation.m in Sources */,
				D3AA1A5D308F4EE4A55DF01F /* CDVCamera.m in Sources */,
				918AF289DE0A41E2ACE09832 /* CDVJpegHeaderWriter.m in Sources */,
				A95AB7C262904D88B7F69F0C /* CDVFile.m in Sources */,
				9B6B4F3AE14143BCB94CBA1A /* CDVLocalFilesystem.m in Sources */,
				125F2F283526404BA320CFA6 /* CDVAssetLibraryFilesystem.m in Sources */,
				60B4CB3D294644A186A99589 /* CDVLocation.m in Sources */,
				8768AE898800436EA1F56D76 /* CDVCapture.m in Sources */,
				DF990996F5214D8781B5A24F /* OpenTokPlugin.m in Sources */,
			);
			runOnlyForDeploymentPostprocessing = 0;
		};
/* End PBXSourcesBuildPhase section */

/* Begin PBXTargetDependency section */
		301BF551109A68C00062928A /* PBXTargetDependency */ = {
			isa = PBXTargetDependency;
			name = CordovaLib;
			targetProxy = 301BF550109A68C00062928A /* PBXContainerItemProxy */;
		};
/* End PBXTargetDependency section */

/* Begin XCBuildConfiguration section */
		1D6058940D05DD3E006BFB54 /* Debug */ = {
			isa = XCBuildConfiguration;
			buildSettings = {
				ALWAYS_SEARCH_USER_PATHS = NO;
				CLANG_ENABLE_OBJC_ARC = YES;
				CODE_SIGN_IDENTITY = "iPhone Developer";
				"CODE_SIGN_IDENTITY[sdk=iphoneos*]" = "iPhone Developer";
				COPY_PHASE_STRIP = NO;
				FRAMEWORK_SEARCH_PATHS = (
					"$(inherited)",
					"\"onTrack/Plugins/com.tokbox.cordova.opentok\"",
				);
				GCC_DYNAMIC_NO_PIC = NO;
				GCC_OPTIMIZATION_LEVEL = 0;
				GCC_PRECOMPILE_PREFIX_HEADER = YES;
				GCC_PREFIX_HEADER = "onTrack/onTrack-Prefix.pch";
				GCC_THUMB_SUPPORT = NO;
				GCC_VERSION = "";
				INFOPLIST_FILE = "onTrack/onTrack-Info.plist";
				IPHONEOS_DEPLOYMENT_TARGET = 6.0;
				OTHER_LDFLAGS = (
					"-weak_framework",
					CoreFoundation,
					"-weak_framework",
					UIKit,
					"-weak_framework",
					AVFoundation,
					"-weak_framework",
					CoreMedia,
					"-weak-lSystem",
					"-ObjC",
				);
				PRODUCT_BUNDLE_IDENTIFIER = com.ionicframework.ontrack609052;
				PRODUCT_NAME = onTrack;
				PROVISIONING_PROFILE = "";
				TARGETED_DEVICE_FAMILY = "1,2";
			};
			name = Debug;
		};
		1D6058950D05DD3E006BFB54 /* Release */ = {
			isa = XCBuildConfiguration;
			buildSettings = {
				ALWAYS_SEARCH_USER_PATHS = NO;
				CLANG_ENABLE_OBJC_ARC = YES;
				CODE_SIGN_IDENTITY = "iPhone Developer";
				"CODE_SIGN_IDENTITY[sdk=iphoneos*]" = "iPhone Developer";
				COPY_PHASE_STRIP = YES;
				FRAMEWORK_SEARCH_PATHS = (
					"$(inherited)",
					"\"onTrack/Plugins/com.tokbox.cordova.opentok\"",
				);
				GCC_PRECOMPILE_PREFIX_HEADER = YES;
				GCC_PREFIX_HEADER = "onTrack/onTrack-Prefix.pch";
				GCC_THUMB_SUPPORT = NO;
				GCC_VERSION = "";
				INFOPLIST_FILE = "onTrack/onTrack-Info.plist";
				IPHONEOS_DEPLOYMENT_TARGET = 6.0;
				OTHER_LDFLAGS = (
					"-weak_framework",
					CoreFoundation,
					"-weak_framework",
					UIKit,
					"-weak_framework",
					AVFoundation,
					"-weak_framework",
					CoreMedia,
					"-weak-lSystem",
					"-ObjC",
				);
				PRODUCT_BUNDLE_IDENTIFIER = com.ionicframework.ontrack609052;
				PRODUCT_NAME = onTrack;
				PROVISIONING_PROFILE = "";
				TARGETED_DEVICE_FAMILY = "1,2";
			};
			name = Release;
		};
		C01FCF4F08A954540054247B /* Debug */ = {
			isa = XCBuildConfiguration;
			buildSettings = {
				CLANG_ENABLE_OBJC_ARC = YES;
				CLANG_WARN_BOOL_CONVERSION = YES;
				CLANG_WARN_CONSTANT_CONVERSION = YES;
				CLANG_WARN_EMPTY_BODY = YES;
				CLANG_WARN_ENUM_CONVERSION = YES;
				CLANG_WARN_INT_CONVERSION = YES;
				CLANG_WARN__DUPLICATE_METHOD_MATCH = YES;
				"CODE_SIGN_IDENTITY[sdk=iphoneos*]" = "iPhone Developer";
				ENABLE_TESTABILITY = YES;
				GCC_C_LANGUAGE_STANDARD = c99;
				GCC_THUMB_SUPPORT = NO;
				GCC_VERSION = "";
				GCC_WARN_ABOUT_RETURN_TYPE = YES;
				GCC_WARN_UNDECLARED_SELECTOR = YES;
				GCC_WARN_UNINITIALIZED_AUTOS = YES;
				GCC_WARN_UNUSED_FUNCTION = YES;
				GCC_WARN_UNUSED_VARIABLE = YES;
				HEADER_SEARCH_PATHS = (
					"\"$(TARGET_BUILD_DIR)/usr/local/lib/include\"",
					"\"$(OBJROOT)/UninstalledProducts/include\"",
					"\"$(BUILT_PRODUCTS_DIR)\"",
				);
				IPHONEOS_DEPLOYMENT_TARGET = 6.0;
				ONLY_ACTIVE_ARCH = NO;
				OTHER_LDFLAGS = (
					"-weak_framework",
					CoreFoundation,
					"-weak_framework",
					UIKit,
					"-weak_framework",
					AVFoundation,
					"-weak_framework",
					CoreMedia,
					"-weak-lSystem",
					"-ObjC",
				);
				SDKROOT = iphoneos;
				SKIP_INSTALL = NO;
				USER_HEADER_SEARCH_PATHS = "";
				VALID_ARCHS = "arm64 armv7 armv7s";
			};
			name = Debug;
		};
		C01FCF5008A954540054247B /* Release */ = {
			isa = XCBuildConfiguration;
			buildSettings = {
				CLANG_ENABLE_OBJC_ARC = YES;
				CLANG_WARN_BOOL_CONVERSION = YES;
				CLANG_WARN_CONSTANT_CONVERSION = YES;
				CLANG_WARN_EMPTY_BODY = YES;
				CLANG_WARN_ENUM_CONVERSION = YES;
				CLANG_WARN_INT_CONVERSION = YES;
				CLANG_WARN__DUPLICATE_METHOD_MATCH = YES;
				"CODE_SIGN_IDENTITY[sdk=iphoneos*]" = "iPhone Developer";
				GCC_C_LANGUAGE_STANDARD = c99;
				GCC_THUMB_SUPPORT = NO;
				GCC_VERSION = "";
				GCC_WARN_ABOUT_RETURN_TYPE = YES;
				GCC_WARN_UNDECLARED_SELECTOR = YES;
				GCC_WARN_UNINITIALIZED_AUTOS = YES;
				GCC_WARN_UNUSED_FUNCTION = YES;
				GCC_WARN_UNUSED_VARIABLE = YES;
				HEADER_SEARCH_PATHS = (
					"\"$(TARGET_BUILD_DIR)/usr/local/lib/include\"",
					"\"$(OBJROOT)/UninstalledProducts/include\"",
					"\"$(BUILT_PRODUCTS_DIR)\"",
				);
				IPHONEOS_DEPLOYMENT_TARGET = 6.0;
				ONLY_ACTIVE_ARCH = NO;
				OTHER_LDFLAGS = (
					"-weak_framework",
					CoreFoundation,
					"-weak_framework",
					UIKit,
					"-weak_framework",
					AVFoundation,
					"-weak_framework",
					CoreMedia,
					"-weak-lSystem",
					"-ObjC",
				);
				SDKROOT = iphoneos;
				SKIP_INSTALL = NO;
				USER_HEADER_SEARCH_PATHS = "";
				VALID_ARCHS = "arm64 armv7 armv7s";
			};
			name = Release;
		};
/* End XCBuildConfiguration section */

/* Begin XCConfigurationList section */
		1D6058960D05DD3E006BFB54 /* Build configuration list for PBXNativeTarget "onTrack" */ = {
			isa = XCConfigurationList;
			buildConfigurations = (
				1D6058940D05DD3E006BFB54 /* Debug */,
				1D6058950D05DD3E006BFB54 /* Release */,
			);
			defaultConfigurationIsVisible = 0;
			defaultConfigurationName = Release;
		};
		C01FCF4E08A954540054247B /* Build configuration list for PBXProject "onTrack" */ = {
			isa = XCConfigurationList;
			buildConfigurations = (
				C01FCF4F08A954540054247B /* Debug */,
				C01FCF5008A954540054247B /* Release */,
			);
			defaultConfigurationIsVisible = 0;
			defaultConfigurationName = Release;
		};
/* End XCConfigurationList section */
	};
	rootObject = 29B97313FDCFA39411CA2CEA /* Project object */;
}
